
Microsoft Visual Studio Solution File, Format Version 12.00
# Visual Studio Version 17
VisualStudioVersion = 17.10.35013.160
MinimumVisualStudioVersion = 10.0.40219.1
Project("{FAE04EC0-301F-11D3-BF4B-00C04F79EFBC}") = "WebApp_CRUD", "WebApp_CRUD\WebApp_CRUD.csproj", "{348898F2-3CAE-487B-8708-63821BEA163F}"
EndProject
Global
	GlobalSection(SolutionConfigurationPlatforms) = preSolution
		Debug|Any CPU = Debug|Any CPU
		Release|Any CPU = Release|Any CPU
	EndGlobalSection
	GlobalSection(ProjectConfigurationPlatforms) = postSolution
		{348898F2-3CAE-487B-8708-63821BEA163F}.Debug|Any CPU.ActiveCfg = Debug|Any CPU
		{348898F2-3CAE-487B-8708-63821BEA163F}.Debug|Any CPU.Build.0 = Debug|Any CPU
		{348898F2-3CAE-487B-8708-63821BEA163F}.Release|Any CPU.ActiveCfg = Release|Any CPU
		{348898F2-3CAE-487B-8708-63821BEA163F}.Release|Any CPU.Build.0 = Release|Any CPU
	EndGlobalSection
	GlobalSection(SolutionProperties) = preSolution
		HideSolutionNode = FALSE
	EndGlobalSection
	GlobalSection(ExtensibilityGlobals) = postSolution
		SolutionGuid = {A55FE61D-DE95-48B9-93D0-8FCAB15E4FB6}
	EndGlobalSection
EndGlobal
